
Microsoft Visual Studio Solution File, Format Version 12.00
# Visual Studio Version 16
VisualStudioVersion = 16.0.31025.194
MinimumVisualStudioVersion = 10.0.40219.1
Project("{FAE04EC0-301F-11D3-BF4B-00C04F79EFBC}") = "fnGithubAction", "fnGithubAction\fnGithubAction.csproj", "{4BE4DD87-51EB-4B66-B8B5-75C15FDDF78B}"
EndProject
Global
	GlobalSection(SolutionConfigurationPlatforms) = preSolution
		Debug|Any CPU = Debug|Any CPU
		Release|Any CPU = Release|Any CPU
	EndGlobalSection
	GlobalSection(ProjectConfigurationPlatforms) = postSolution
		{4BE4DD87-51EB-4B66-B8B5-75C15FDDF78B}.Debug|Any CPU.ActiveCfg = Debug|Any CPU
		{4BE4DD87-51EB-4B66-B8B5-75C15FDDF78B}.Debug|Any CPU.Build.0 = Debug|Any CPU
		{4BE4DD87-51EB-4B66-B8B5-75C15FDDF78B}.Release|Any CPU.ActiveCfg = Release|Any CPU
		{4BE4DD87-51EB-4B66-B8B5-75C15FDDF78B}.Release|Any CPU.Build.0 = Release|Any CPU
	EndGlobalSection
	GlobalSection(SolutionProperties) = preSolution
		HideSolutionNode = FALSE
	EndGlobalSection
	GlobalSection(ExtensibilityGlobals) = postSolution
		SolutionGuid = {28F68159-5E48-4A94-A5E6-C2074B6103D3}
	EndGlobalSection
EndGlobal
